
Microsoft Visual Studio Solution File, Format Version 12.00
# Visual Studio Version 17
VisualStudioVersion = 17.9.34714.143
MinimumVisualStudioVersion = 10.0.40219.1
Project("{9A19103F-16F7-4668-BE54-9A1E7A4F7556}") = "GraphQL.API", "GraphQL.API\GraphQL.API.csproj", "{A02EBAF4-85D5-4787-AEDC-D875919A8483}"
EndProject
Project("{2150E333-8FDC-42A3-9474-1A3956D46DE8}") = "src", "src", "{0E9FBFB2-2148-41C8-8340-27E0D4138AEB}"
EndProject
Project("{2150E333-8FDC-42A3-9474-1A3956D46DE8}") = "Core", "Core", "{856B2E61-9EAA-428D-A4CE-0CF0AD5506E5}"
EndProject
Project("{2150E333-8FDC-42A3-9474-1A3956D46DE8}") = "Infrastucture", "Infrastucture", "{32CAD678-F46E-4F92-BF0C-9584D394A4CC}"
EndProject
Project("{2150E333-8FDC-42A3-9474-1A3956D46DE8}") = "Presentation", "Presentation", "{E3389576-6229-4165-B532-EE32E1C623EC}"
EndProject
Project("{9A19103F-16F7-4668-BE54-9A1E7A4F7556}") = "GraphQL.Domain", "GraphQL.Domain\GraphQL.Domain.csproj", "{23DECA43-51AA-440D-8149-802604326AE0}"
EndProject
Project("{9A19103F-16F7-4668-BE54-9A1E7A4F7556}") = "GraphQL.Application", "GraphQL.Application\GraphQL.Application.csproj", "{8973C596-E620-4B6D-8821-9F0D949ECF08}"
EndProject
Project("{9A19103F-16F7-4668-BE54-9A1E7A4F7556}") = "GraphQL.Persistence.MSSql", "GraphQL.Persistence.MSSql\GraphQL.Persistence.MSSql.csproj", "{64CBA803-E632-4C5B-946B-B1C0ED14A832}"
EndProject
Project("{9A19103F-16F7-4668-BE54-9A1E7A4F7556}") = "GraphQL.Persistence.Sqlite", "GraphQL.Persistence.Sqlite\GraphQL.Persistence.Sqlite.csproj", "{44CE98B5-D753-40A2-BCCA-F535208C054E}"
EndProject
Global
	GlobalSection(SolutionConfigurationPlatforms) = preSolution
		Debug|Any CPU = Debug|Any CPU
		Release|Any CPU = Release|Any CPU
	EndGlobalSection
	GlobalSection(ProjectConfigurationPlatforms) = postSolution
		{A02EBAF4-85D5-4787-AEDC-D875919A8483}.Debug|Any CPU.ActiveCfg = Debug|Any CPU
		{A02EBAF4-85D5-4787-AEDC-D875919A8483}.Debug|Any CPU.Build.0 = Debug|Any CPU
		{A02EBAF4-85D5-4787-AEDC-D875919A8483}.Release|Any CPU.ActiveCfg = Release|Any CPU
		{A02EBAF4-85D5-4787-AEDC-D875919A8483}.Release|Any CPU.Build.0 = Release|Any CPU
		{23DECA43-51AA-440D-8149-802604326AE0}.Debug|Any CPU.ActiveCfg = Debug|Any CPU
		{23DECA43-51AA-440D-8149-802604326AE0}.Debug|Any CPU.Build.0 = Debug|Any CPU
		{23DECA43-51AA-440D-8149-802604326AE0}.Release|Any CPU.ActiveCfg = Release|Any CPU
		{23DECA43-51AA-440D-8149-802604326AE0}.Release|Any CPU.Build.0 = Release|Any CPU
		{8973C596-E620-4B6D-8821-9F0D949ECF08}.Debug|Any CPU.ActiveCfg = Debug|Any CPU
		{8973C596-E620-4B6D-8821-9F0D949ECF08}.Debug|Any CPU.Build.0 = Debug|Any CPU
		{8973C596-E620-4B6D-8821-9F0D949ECF08}.Release|Any CPU.ActiveCfg = Release|Any CPU
		{8973C596-E620-4B6D-8821-9F0D949ECF08}.Release|Any CPU.Build.0 = Release|Any CPU
		{64CBA803-E632-4C5B-946B-B1C0ED14A832}.Debug|Any CPU.ActiveCfg = Debug|Any CPU
		{64CBA803-E632-4C5B-946B-B1C0ED14A832}.Debug|Any CPU.Build.0 = Debug|Any CPU
		{64CBA803-E632-4C5B-946B-B1C0ED14A832}.Release|Any CPU.ActiveCfg = Release|Any CPU
		{64CBA803-E632-4C5B-946B-B1C0ED14A832}.Release|Any CPU.Build.0 = Release|Any CPU
		{44CE98B5-D753-40A2-BCCA-F535208C054E}.Debug|Any CPU.ActiveCfg = Debug|Any CPU
		{44CE98B5-D753-40A2-BCCA-F535208C054E}.Debug|Any CPU.Build.0 = Debug|Any CPU
		{44CE98B5-D753-40A2-BCCA-F535208C054E}.Release|Any CPU.ActiveCfg = Release|Any CPU
		{44CE98B5-D753-40A2-BCCA-F535208C054E}.Release|Any CPU.Build.0 = Release|Any CPU
	EndGlobalSection
	GlobalSection(SolutionProperties) = preSolution
		HideSolutionNode = FALSE
	EndGlobalSection
	GlobalSection(NestedProjects) = preSolution
		{A02EBAF4-85D5-4787-AEDC-D875919A8483} = {E3389576-6229-4165-B532-EE32E1C623EC}
		{856B2E61-9EAA-428D-A4CE-0CF0AD5506E5} = {0E9FBFB2-2148-41C8-8340-27E0D4138AEB}
		{32CAD678-F46E-4F92-BF0C-9584D394A4CC} = {0E9FBFB2-2148-41C8-8340-27E0D4138AEB}
		{E3389576-6229-4165-B532-EE32E1C623EC} = {0E9FBFB2-2148-41C8-8340-27E0D4138AEB}
		{23DECA43-51AA-440D-8149-802604326AE0} = {856B2E61-9EAA-428D-A4CE-0CF0AD5506E5}
		{8973C596-E620-4B6D-8821-9F0D949ECF08} = {856B2E61-9EAA-428D-A4CE-0CF0AD5506E5}
		{64CBA803-E632-4C5B-946B-B1C0ED14A832} = {32CAD678-F46E-4F92-BF0C-9584D394A4CC}
		{44CE98B5-D753-40A2-BCCA-F535208C054E} = {32CAD678-F46E-4F92-BF0C-9584D394A4CC}
	EndGlobalSection
	GlobalSection(ExtensibilityGlobals) = postSolution
		SolutionGuid = {9F667491-72A1-42C9-BFB0-78122958C593}
	EndGlobalSection
EndGlobal
